
Microsoft Visual Studio Solution File, Format Version 12.00
# Visual Studio Version 17
VisualStudioVersion = 17.5.002.0
MinimumVisualStudioVersion = 10.0.40219.1
Project("{2150E333-8FDC-42A3-9474-1A3956D46DE8}") = "server", "server", "{EC36D195-13BE-4714-AD41-2DE2D5EE1849}"
EndProject
Project("{9A19103F-16F7-4668-BE54-9A1E7A4F7556}") = "TodoApi", "server\TodoApi\TodoApi.csproj", "{B3D7A448-666B-4CCC-B7A1-84A637442A68}"
EndProject
Global
	GlobalSection(SolutionConfigurationPlatforms) = preSolution
		Debug|Any CPU = Debug|Any CPU
		Release|Any CPU = Release|Any CPU
	EndGlobalSection
	GlobalSection(ProjectConfigurationPlatforms) = postSolution
		{B3D7A448-666B-4CCC-B7A1-84A637442A68}.Debug|Any CPU.ActiveCfg = Debug|Any CPU
		{B3D7A448-666B-4CCC-B7A1-84A637442A68}.Debug|Any CPU.Build.0 = Debug|Any CPU
		{B3D7A448-666B-4CCC-B7A1-84A637442A68}.Release|Any CPU.ActiveCfg = Release|Any CPU
		{B3D7A448-666B-4CCC-B7A1-84A637442A68}.Release|Any CPU.Build.0 = Release|Any CPU
	EndGlobalSection
	GlobalSection(SolutionProperties) = preSolution
		HideSolutionNode = FALSE
	EndGlobalSection
	GlobalSection(NestedProjects) = preSolution
		{B3D7A448-666B-4CCC-B7A1-84A637442A68} = {EC36D195-13BE-4714-AD41-2DE2D5EE1849}
	EndGlobalSection
	GlobalSection(ExtensibilityGlobals) = postSolution
		SolutionGuid = {5DEF3C0C-A8C6-4BD5-B3EB-CB0ACC65B970}
	EndGlobalSection
EndGlobal
